{
  "version": 2,
  "dependencies": {
    "net10.0": {
      "caustikon": {
        "type": "Project"
      },
      "caustikon.glasses": {
        "type": "Project",
        "dependencies": {
          "Caustikon": "[0.1.0, )"
        }
      },
      "undine": {
        "type": "Project",
        "dependencies": {
          "Caustikon": "[0.1.0, )",
          "Caustikon.Glasses": "[0.1.0, )"
        }
      }
    }
  }
}